
Microsoft Visual Studio Solution File, Format Version 12.00
# Visual Studio Version 17
VisualStudioVersion = 17.5.002.0
MinimumVisualStudioVersion = 10.0.40219.1
Project("{9A19103F-16F7-4668-BE54-9A1E7A4F7556}") = "calcu", "calcu\calcu.csproj", "{32F52A16-9B6E-4FE3-98C7-03B643B78466}"
EndProject
Global
	GlobalSection(SolutionConfigurationPlatforms) = preSolution
		Debug|Any CPU = Debug|Any CPU
		Release|Any CPU = Release|Any CPU
	EndGlobalSection
	GlobalSection(ProjectConfigurationPlatforms) = postSolution
		{32F52A16-9B6E-4FE3-98C7-03B643B78466}.Debug|Any CPU.ActiveCfg = Debug|Any CPU
		{32F52A16-9B6E-4FE3-98C7-03B643B78466}.Debug|Any CPU.Build.0 = Debug|Any CPU
		{32F52A16-9B6E-4FE3-98C7-03B643B78466}.Release|Any CPU.ActiveCfg = Release|Any CPU
		{32F52A16-9B6E-4FE3-98C7-03B643B78466}.Release|Any CPU.Build.0 = Release|Any CPU
	EndGlobalSection
	GlobalSection(SolutionProperties) = preSolution
		HideSolutionNode = FALSE
	EndGlobalSection
	GlobalSection(ExtensibilityGlobals) = postSolution
		SolutionGuid = {5405DA91-2515-4189-92B4-6E11F46302C8}
	EndGlobalSection
EndGlobal
